
Microsoft Visual Studio Solution File, Format Version 12.00
# Visual Studio Version 17
VisualStudioVersion = 17.14.36301.6 d17.14
MinimumVisualStudioVersion = 10.0.40219.1
Project("{FAE04EC0-301F-11D3-BF4B-00C04F79EFBC}") = "PRELIM_BSIT_31A1_LAB1_Villadiego_Hans", "PRELIM_BSIT_31A1_LAB1_Villadiego_Hans\PRELIM_BSIT_31A1_LAB1_Villadiego_Hans.csproj", "{F72EEC8B-6349-493B-921A-B789020B7059}"
EndProject
Global
	GlobalSection(SolutionConfigurationPlatforms) = preSolution
		Debug|Any CPU = Debug|Any CPU
		Release|Any CPU = Release|Any CPU
	EndGlobalSection
	GlobalSection(ProjectConfigurationPlatforms) = postSolution
		{F72EEC8B-6349-493B-921A-B789020B7059}.Debug|Any CPU.ActiveCfg = Debug|Any CPU
		{F72EEC8B-6349-493B-921A-B789020B7059}.Debug|Any CPU.Build.0 = Debug|Any CPU
		{F72EEC8B-6349-493B-921A-B789020B7059}.Release|Any CPU.ActiveCfg = Release|Any CPU
		{F72EEC8B-6349-493B-921A-B789020B7059}.Release|Any CPU.Build.0 = Release|Any CPU
	EndGlobalSection
	GlobalSection(SolutionProperties) = preSolution
		HideSolutionNode = FALSE
	EndGlobalSection
	GlobalSection(ExtensibilityGlobals) = postSolution
		SolutionGuid = {9C57C941-63A3-4400-95FC-02C3A43E9A16}
	EndGlobalSection
EndGlobal
